// !$*UTF8*$!
{
	archiveVersion = 1;
	classes = {
	};
	objectVersion = 46;
	objects = {

/* Begin PBXBuildFile section */
		A45CBDD71AABB967001BC72E /* AppDelegate.swift in Sources */ = {isa = PBXBuildFile; fileRef = A45CBDD61AABB967001BC72E /* AppDelegate.swift */; };
		A45CBDD91AABB967001BC72E /* ViewController.swift in Sources */ = {isa = PBXBuildFile; fileRef = A45CBDD81AABB967001BC72E /* ViewController.swift */; };
		A45CBDDC1AABB967001BC72E /* Main.storyboard in Resources */ = {isa = PBXBuildFile; fileRef = A45CBDDA1AABB967001BC72E /* Main.storyboard */; };
		A45CBDDE1AABB967001BC72E /* Images.xcassets in Resources */ = {isa = PBXBuildFile; fileRef = A45CBDDD1AABB967001BC72E /* Images.xcassets */; };
		A45CBDE11AABB967001BC72E /* LaunchScreen.xib in Resources */ = {isa = PBXBuildFile; fileRef = A45CBDDF1AABB967001BC72E /* LaunchScreen.xib */; };
		A45CBDED1AABB967001BC72E /* tipTests.swift in Sources */ = {isa = PBXBuildFile; fileRef = A45CBDEC1AABB967001BC72E /* tipTests.swift */; };
/* End PBXBuildFile section */

/* Begin PBXContainerItemProxy section */
		A45CBDE71AABB967001BC72E /* PBXContainerItemProxy */ = {
			isa = PBXContainerItemProxy;
			containerPortal = A45CBDC91AABB967001BC72E /* Project object */;
			proxyType = 1;
			remoteGlobalIDString = A45CBDD01AABB967001BC72E;
			remoteInfo = tip;
		};
/* End PBXContainerItemProxy section */

/* Begin PBXFileReference section */
		A45CBDD11AABB967001BC72E /* tip.app */ = {isa = PBXFileReference; explicitFileType = wrapper.application; includeInIndex = 0; path = tip.app; sourceTree = BUILT_PRODUCTS_DIR; };
		A45CBDD51AABB967001BC72E /* Info.plist */ = {isa = PBXFileReference; lastKnownFileType = text.plist.xml; path = Info.plist; sourceTree = "<group>"; };
		A45CBDD61AABB967001BC72E /* AppDelegate.swift */ = {isa = PBXFileReference; lastKnownFileType = sourcecode.swift; path = AppDelegate.swift; sourceTree = "<group>"; };
		A45CBDD81AABB967001BC72E /* ViewController.swift */ = {isa = PBXFileReference; lastKnownFileType = sourcecode.swift; path = ViewController.swift; sourceTree = "<group>"; };
		A45CBDDB1AABB967001BC72E /* Base */ = {isa = PBXFileReference; lastKnownFileType = file.storyboard; name = Base; path = Base.lproj/Main.storyboard; sourceTree = "<group>"; };
		A45CBDDD1AABB967001BC72E /* Images.xcassets */ = {isa = PBXFileReference; lastKnownFileType = folder.assetcatalog; path = Images.xcassets; sourceTree = "<group>"; };
		A45CBDE01AABB967001BC72E /* Base */ = {isa = PBXFileReference; lastKnownFileType = file.xib; name = Base; path = Base.lproj/LaunchScreen.xib; sourceTree = "<group>"; };
		A45CBDE61AABB967001BC72E /* tipTests.xctest */ = {isa = PBXFileReference; explicitFileType = wrapper.cfbundle; includeInIndex = 0; path = tipTests.xctest; sourceTree = BUILT_PRODUCTS_DIR; };
		A45CBDEB1AABB967001BC72E /* Info.plist */ = {isa = PBXFileReference; lastKnownFileType = text.plist.xml; path = Info.plist; sourceTree = "<group>"; };
		A45CBDEC1AABB967001BC72E /* tipTests.swift */ = {isa = PBXFileReference; lastKnownFileType = sourcecode.swift; path = tipTests.swift; sourceTree = "<group>"; };
/* End PBXFileReference section */

/* Begin PBXFrameworksBuildPhase section */
		A45CBDCE1AABB967001BC72E /* Frameworks */ = {
			isa = PBXFrameworksBuildPhase;
			buildActionMask = 2147483647;
			files = (
			);
			runOnlyForDeploymentPostprocessing = 0;
		};
		A45CBDE31AABB967001BC72E /* Frameworks */ = {
			isa = PBXFrameworksBuildPhase;
			buildActionMask = 2147483647;
			files = (
			);
			runOnlyForDeploymentPostprocessing = 0;
		};
/* End PBXFrameworksBuildPhase section */

/* Begin PBXGroup section */
		A45CBDC81AABB967001BC72E = {
			isa = PBXGroup;
			children = (
				A45CBDD31AABB967001BC72E /* tip */,
				A45CBDE91AABB967001BC72E /* tipTests */,
				A45CBDD21AABB967001BC72E /* Products */,
			);
			sourceTree = "<group>";
		};
		A45CBDD21AABB967001BC72E /* Products */ = {
			isa = PBXGroup;
			children = (
				A45CBDD11AABB967001BC72E /* tip.app */,
				A45CBDE61AABB967001BC72E /* tipTests.xctest */,
			);
			name = Products;
			sourceTree = "<group>";
		};
		A45CBDD31AABB967001BC72E /* tip */ = {
			isa = PBXGroup;
			children = (
				A45CBDD61AABB967001BC72E /* AppDelegate.swift */,
				A45CBDD81AABB967001BC72E /* ViewController.swift */,
				A45CBDDA1AABB967001BC72E /* Main.storyboard */,
				A45CBDDD1AABB967001BC72E /* Images.xcassets */,
				A45CBDDF1AABB967001BC72E /* LaunchScreen.xib */,
				A45CBDD41AABB967001BC72E /* Supporting Files */,
			);
			path = tip;
			sourceTree = "<group>";
		};
		A45CBDD41AABB967001BC72E /* Supporting Files */ = {
			isa = PBXGroup;
			children = (
				A45CBDD51AABB967001BC72E /* Info.plist */,
			);
			name = "Supporting Files";
			sourceTree = "<group>";
		};
		A45CBDE91AABB967001BC72E /* tipTests */ = {
			isa = PBXGroup;
			children = (
				A45CBDEC1AABB967001BC72E /* tipTests.swift */,
				A45CBDEA1AABB967001BC72E /* Supporting Files */,
			);
			path = tipTests;
			sourceTree = "<group>";
		};
		A45CBDEA1AABB967001BC72E /* Supporting Files */ = {
			isa = PBXGroup;
			children = (
				A45CBDEB1AABB967001BC72E /* Info.plist */,
			);
			name = "Supporting Files";
			sourceTree = "<group>";
		};
/* End PBXGroup section */

/* Begin PBXNativeTarget section */
		A45CBDD01AABB967001BC72E /* tip */ = {
			isa = PBXNativeTarget;
			buildConfigurationList = A45CBDF01AABB967001BC72E /* Build configuration list for PBXNativeTarget "tip" */;
			buildPhases = (
				A45CBDCD1AABB967001BC72E /* Sources */,
				A45CBDCE1AABB967001BC72E /* Frameworks */,
				A45CBDCF1AABB967001BC72E /* Resources */,
			);
			buildRules = (
			);
			dependencies = (
			);
			name = tip;
			productName = tip;
			productReference = A45CBDD11AABB967001BC72E /* tip.app */;
			productType = "com.apple.product-type.application";
		};
		A45CBDE51AABB967001BC72E /* tipTests */ = {
			isa = PBXNativeTarget;
			buildConfigurationList = A45CBDF31AABB967001BC72E /* Build configuration list for PBXNativeTarget "tipTests" */;
			buildPhases = (
				A45CBDE21AABB967001BC72E /* Sources */,
				A45CBDE31AABB967001BC72E /* Frameworks */,
				A45CBDE41AABB967001BC72E /* Resources */,
			);
			buildRules = (
			);
			dependencies = (
				A45CBDE81AABB967001BC72E /* PBXTargetDependency */,
			);
			name = tipTests;
			productName = tipTests;
			productReference = A45CBDE61AABB967001BC72E /* tipTests.xctest */;
			productType = "com.apple.product-type.bundle.unit-test";
		};
/* End PBXNativeTarget section */

/* Begin PBXProject section */
		A45CBDC91AABB967001BC72E /* Project object */ = {
			isa = PBXProject;
			attributes = {
				LastUpgradeCheck = 0610;
				ORGANIZATIONNAME = "Hsin Yi Huang";
				TargetAttributes = {
					A45CBDD01AABB967001BC72E = {
						CreatedOnToolsVersion = 6.1;
					};
					A45CBDE51AABB967001BC72E = {
						CreatedOnToolsVersion = 6.1;
						TestTargetID = A45CBDD01AABB967001BC72E;
					};
				};
			};
			buildConfigurationList = A45CBDCC1AABB967001BC72E /* Build configuration list for PBXProject "tip" */;
			compatibilityVersion = "Xcode 3.2";
			developmentRegion = English;
			hasScannedForEncodings = 0;
			knownRegions = (
				en,
				Base,
			);
			mainGroup = A45CBDC81AABB967001BC72E;
			productRefGroup = A45CBDD21AABB967001BC72E /* Products */;
			projectDirPath = "";
			projectRoot = "";
			targets = (
				A45CBDD01AABB967001BC72E /* tip */,
				A45CBDE51AABB967001BC72E /* tipTests */,
			);
		};
/* End PBXProject section */

/* Begin PBXResourcesBuildPhase section */
		A45CBDCF1AABB967001BC72E /* Resources */ = {
			isa = PBXResourcesBuildPhase;
			buildActionMask = 2147483647;
			files = (
				A45CBDDC1AABB967001BC72E /* Main.storyboard in Resources */,
				A45CBDE11AABB967001BC72E /* LaunchScreen.xib in Resources */,
				A45CBDDE1AABB967001BC72E /* Images.xcassets in Resources */,
			);
			runOnlyForDeploymentPostprocessing = 0;
		};
		A45CBDE41AABB967001BC72E /* Resources */ = {
			isa = PBXResourcesBuildPhase;
			buildActionMask = 2147483647;
			files = (
			);
			runOnlyForDeploymentPostprocessing = 0;
		};
/* End PBXResourcesBuildPhase section */

/* Begin PBXSourcesBuildPhase section */
		A45CBDCD1AABB967001BC72E /* Sources */ = {
			isa = PBXSourcesBuildPhase;
			buildActionMask = 2147483647;
			files = (
				A45CBDD91AABB967001BC72E /* ViewController.swift in Sources */,
				A45CBDD71AABB967001BC72E /* AppDelegate.swift in Sources */,
			);
			runOnlyForDeploymentPostprocessing = 0;
		};
		A45CBDE21AABB967001BC72E /* Sources */ = {
			isa = PBXSourcesBuildPhase;
			buildActionMask = 2147483647;
			files = (
				A45CBDED1AABB967001BC72E /* tipTests.swift in Sources */,
			);
			runOnlyForDeploymentPostprocessing = 0;
		};
/* End PBXSourcesBuildPhase section */

/* Begin PBXTargetDependency section */
		A45CBDE81AABB967001BC72E /* PBXTargetDependency */ = {
			isa = PBXTargetDependency;
			target = A45CBDD01AABB967001BC72E /* tip */;
			targetProxy = A45CBDE71AABB967001BC72E /* PBXContainerItemProxy */;
		};
/* End PBXTargetDependency section */

/* Begin PBXVariantGroup section */
		A45CBDDA1AABB967001BC72E /* Main.storyboard */ = {
			isa = PBXVariantGroup;
			children = (
				A45CBDDB1AABB967001BC72E /* Base */,
			);
			name = Main.storyboard;
			sourceTree = "<group>";
		};
		A45CBDDF1AABB967001BC72E /* LaunchScreen.xib */ = {
			isa = PBXVariantGroup;
			children = (
				A45CBDE01AABB967001BC72E /* Base */,
			);
			name = LaunchScreen.xib;
			sourceTree = "<group>";
		};
/* End PBXVariantGroup section */

/* Begin XCBuildConfiguration section */
		A45CBDEE1AABB967001BC72E /* Debug */ = {
			isa = XCBuildConfiguration;
			buildSettings = {
				ALWAYS_SEARCH_USER_PATHS = NO;
				CLANG_CXX_LANGUAGE_STANDARD = "gnu++0x";
				CLANG_CXX_LIBRARY = "libc++";
				CLANG_ENABLE_MODULES = YES;
				CLANG_ENABLE_OBJC_ARC = YES;
				CLANG_WARN_BOOL_CONVERSION = YES;
				CLANG_WARN_CONSTANT_CONVERSION = YES;
				CLANG_WARN_DIRECT_OBJC_ISA_USAGE = YES_ERROR;
				CLANG_WARN_EMPTY_BODY = YES;
				CLANG_WARN_ENUM_CONVERSION = YES;
				CLANG_WARN_INT_CONVERSION = YES;
				CLANG_WARN_OBJC_ROOT_CLASS = YES_ERROR;
				CLANG_WARN_UNREACHABLE_CODE = YES;
				CLANG_WARN__DUPLICATE_METHOD_MATCH = YES;
				"CODE_SIGN_IDENTITY[sdk=iphoneos*]" = "iPhone Developer";
				COPY_PHASE_STRIP = NO;
				ENABLE_STRICT_OBJC_MSGSEND = YES;
				GCC_C_LANGUAGE_STANDARD = gnu99;
				GCC_DYNAMIC_NO_PIC = NO;
				GCC_OPTIMIZATION_LEVEL = 0;
				GCC_PREPROCESSOR_DEFINITIONS = (
					"DEBUG=1",
					"$(inherited)",
				);
				GCC_SYMBOLS_PRIVATE_EXTERN = NO;
				GCC_WARN_64_TO_32_BIT_CONVERSION = YES;
				GCC_WARN_ABOUT_RETURN_TYPE = YES_ERROR;
				GCC_WARN_UNDECLARED_SELECTOR = YES;
				GCC_WARN_UNINITIALIZED_AUTOS = YES_AGGRESSIVE;
				GCC_WARN_UNUSED_FUNCTION = YES;
				GCC_WARN_UNUSED_VARIABLE = YES;
				IPHONEOS_DEPLOYMENT_TARGET = 8.1;
				MTL_ENABLE_DEBUG_INFO = YES;
				ONLY_ACTIVE_ARCH = YES;
				SDKROOT = iphoneos;
				SWIFT_OPTIMIZATION_LEVEL = "-Onone";
			};
			name = Debug;
		};
		A45CBDEF1AABB967001BC72E /* Release */ = {
			isa = XCBuildConfiguration;
			buildSettings = {
				ALWAYS_SEARCH_USER_PATHS = NO;
				CLANG_CXX_LANGUAGE_STANDARD = "gnu++0x";
				CLANG_CXX_LIBRARY = "libc++";
				CLANG_ENABLE_MODULES = YES;
				CLANG_ENABLE_OBJC_ARC = YES;
				CLANG_WARN_BOOL_CONVERSION = YES;
				CLANG_WARN_CONSTANT_CONVERSION = YES;
				CLANG_WARN_DIRECT_OBJC_ISA_USAGE = YES_ERROR;
				CLANG_WARN_EMPTY_BODY = YES;
				CLANG_WARN_ENUM_CONVERSION = YES;
				CLANG_WARN_INT_CONVERSION = YES;
				CLANG_WARN_OBJC_ROOT_CLASS = YES_ERROR;
				CLANG_WARN_UNREACHABLE_CODE = YES;
				CLANG_WARN__DUPLICATE_METHOD_MATCH = YES;
				"CODE_SIGN_IDENTITY[sdk=iphoneos*]" = "iPhone Developer";
				COPY_PHASE_STRIP = YES;
				ENABLE_NS_ASSERTIONS = NO;
				ENABLE_STRICT_OBJC_MSGSEND = YES;
				GCC_C_LANGUAGE_STANDARD = gnu99;
				GCC_WARN_64_TO_32_BIT_CONVERSION = YES;
				GCC_WARN_ABOUT_RETURN_TYPE = YES_ERROR;
				GCC_WARN_UNDECLARED_SELECTOR = YES;
				GCC_WARN_UNINITIALIZED_AUTOS = YES_AGGRESSIVE;
				GCC_WARN_UNUSED_FUNCTION = YES;
				GCC_WARN_UNUSED_VARIABLE = YES;
				IPHONEOS_DEPLOYMENT_TARGET = 8.1;
				MTL_ENABLE_DEBUG_INFO = NO;
				SDKROOT = iphoneos;
				VALIDATE_PRODUCT = YES;
			};
			name = Release;
		};
		A45CBDF11AABB967001BC72E /* Debug */ = {
			isa = XCBuildConfiguration;
			buildSettings = {
				ASSETCATALOG_COMPILER_APPICON_NAME = AppIcon;
				INFOPLIST_FILE = tip/Info.plist;
				LD_RUNPATH_SEARCH_PATHS = "$(inherited) @executable_path/Frameworks";
				PRODUCT_NAME = "$(TARGET_NAME)";
			};
			name = Debug;
		};
		A45CBDF21AABB967001BC72E /* Release */ = {
			isa = XCBuildConfiguration;
			buildSettings = {
				ASSETCATALOG_COMPILER_APPICON_NAME = AppIcon;
				INFOPLIST_FILE = tip/Info.plist;
				LD_RUNPATH_SEARCH_PATHS = "$(inherited) @executable_path/Frameworks";
				PRODUCT_NAME = "$(TARGET_NAME)";
			};
			name = Release;
		};
		A45CBDF41AABB967001BC72E /* Debug */ = {
			isa = XCBuildConfiguration;
			buildSettings = {
				BUNDLE_LOADER = "$(TEST_HOST)";
				FRAMEWORK_SEARCH_PATHS = (
					"$(SDKROOT)/Developer/Library/Frameworks",
					"$(inherited)",
				);
				GCC_PREPROCESSOR_DEFINITIONS = (
					"DEBUG=1",
					"$(inherited)",
				);
				INFOPLIST_FILE = tipTests/Info.plist;
				LD_RUNPATH_SEARCH_PATHS = "$(inherited) @executable_path/Frameworks @loader_path/Frameworks";
				PRODUCT_NAME = "$(TARGET_NAME)";
				TEST_HOST = "$(BUILT_PRODUCTS_DIR)/tip.app/tip";
			};
			name = Debug;
		};
		A45CBDF51AABB967001BC72E /* Release */ = {
			isa = XCBuildConfiguration;
			buildSettings = {
				BUNDLE_LOADER = "$(TEST_HOST)";
				FRAMEWORK_SEARCH_PATHS = (
					"$(SDKROOT)/Developer/Library/Frameworks",
					"$(inherited)",
				);
				INFOPLIST_FILE = tipTests/Info.plist;
				LD_RUNPATH_SEARCH_PATHS = "$(inherited) @executable_path/Frameworks @loader_path/Frameworks";
				PRODUCT_NAME = "$(TARGET_NAME)";
				TEST_HOST = "$(BUILT_PRODUCTS_DIR)/tip.app/tip";
			};
			name = Release;
		};
/* End XCBuildConfiguration section */

/* Begin XCConfigurationList section */
		A45CBDCC1AABB967001BC72E /* Build configuration list for PBXProject "tip" */ = {
			isa = XCConfigurationList;
			buildConfigurations = (
				A45CBDEE1AABB967001BC72E /* Debug */,
				A45CBDEF1AABB967001BC72E /* Release */,
			);
			defaultConfigurationIsVisible = 0;
			defaultConfigurationName = Release;
		};
		A45CBDF01AABB967001BC72E /* Build configuration list for PBXNativeTarget "tip" */ = {
			isa = XCConfigurationList;
			buildConfigurations = (
				A45CBDF11AABB967001BC72E /* Debug */,
				A45CBDF21AABB967001BC72E /* Release */,
			);
			defaultConfigurationIsVisible = 0;
		};
		A45CBDF31AABB967001BC72E /* Build configuration list for PBXNativeTarget "tipTests" */ = {
			isa = XCConfigurationList;
			buildConfigurations = (
				A45CBDF41AABB967001BC72E /* Debug */,
				A45CBDF51AABB967001BC72E /* Release */,
			);
			defaultConfigurationIsVisible = 0;
		};
/* End XCConfigurationList section */
	};
	rootObject = A45CBDC91AABB967001BC72E /* Project object */;
}
